
Microsoft Visual Studio Solution File, Format Version 12.00
# Visual Studio Version 16
VisualStudioVersion = 16.0.29519.181
MinimumVisualStudioVersion = 10.0.40219.1
Project("{FAE04EC0-301F-11D3-BF4B-00C04F79EFBC}") = "Snake", "Snake.csproj", "{6DC9962E-21A8-403F-9A0F-B20FC8EBEE9B}"
EndProject
Global
	GlobalSection(SolutionConfigurationPlatforms) = preSolution
		Debug|Any CPU = Debug|Any CPU
		Release|Any CPU = Release|Any CPU
	EndGlobalSection
	GlobalSection(ProjectConfigurationPlatforms) = postSolution
		{6DC9962E-21A8-403F-9A0F-B20FC8EBEE9B}.Debug|Any CPU.ActiveCfg = Debug|Any CPU
		{6DC9962E-21A8-403F-9A0F-B20FC8EBEE9B}.Debug|Any CPU.Build.0 = Debug|Any CPU
		{6DC9962E-21A8-403F-9A0F-B20FC8EBEE9B}.Release|Any CPU.ActiveCfg = Release|Any CPU
		{6DC9962E-21A8-403F-9A0F-B20FC8EBEE9B}.Release|Any CPU.Build.0 = Release|Any CPU
	EndGlobalSection
	GlobalSection(SolutionProperties) = preSolution
		HideSolutionNode = FALSE
	EndGlobalSection
	GlobalSection(ExtensibilityGlobals) = postSolution
		SolutionGuid = {947655E5-AAF8-42E5-8D7F-E81D7F220FD5}
	EndGlobalSection
EndGlobal
